
Microsoft Visual Studio Solution File, Format Version 12.00
# Visual Studio Version 17
VisualStudioVersion = 17.11.35303.130
MinimumVisualStudioVersion = 10.0.40219.1
Project("{9A19103F-16F7-4668-BE54-9A1E7A4F7556}") = "EventMaster.Server", "EventMaster.Server\EventMaster.Server.csproj", "{19C51F76-40E8-4328-935C-5826F20398B9}"
EndProject
Project("{54A90642-561A-4BB1-A94E-469ADEE60C69}") = "eventmaster.client", "eventmaster.client\eventmaster.client.esproj", "{A78D682D-533C-4454-AA78-40F84D33DA11}"
EndProject
Project("{FAE04EC0-301F-11D3-BF4B-00C04F79EFBC}") = "EventMaster.Tests", "EventMaster.Tests\EventMaster.Tests.csproj", "{6119C58A-53DE-4F9E-84DD-96DC8A1F0F9F}"
EndProject
Global
	GlobalSection(SolutionConfigurationPlatforms) = preSolution
		Debug|Any CPU = Debug|Any CPU
		Release|Any CPU = Release|Any CPU
	EndGlobalSection
	GlobalSection(ProjectConfigurationPlatforms) = postSolution
		{19C51F76-40E8-4328-935C-5826F20398B9}.Debug|Any CPU.ActiveCfg = Debug|Any CPU
		{19C51F76-40E8-4328-935C-5826F20398B9}.Debug|Any CPU.Build.0 = Debug|Any CPU
		{19C51F76-40E8-4328-935C-5826F20398B9}.Release|Any CPU.ActiveCfg = Release|Any CPU
		{19C51F76-40E8-4328-935C-5826F20398B9}.Release|Any CPU.Build.0 = Release|Any CPU
		{A78D682D-533C-4454-AA78-40F84D33DA11}.Debug|Any CPU.ActiveCfg = Debug|Any CPU
		{A78D682D-533C-4454-AA78-40F84D33DA11}.Debug|Any CPU.Build.0 = Debug|Any CPU
		{A78D682D-533C-4454-AA78-40F84D33DA11}.Debug|Any CPU.Deploy.0 = Debug|Any CPU
		{A78D682D-533C-4454-AA78-40F84D33DA11}.Release|Any CPU.ActiveCfg = Release|Any CPU
		{A78D682D-533C-4454-AA78-40F84D33DA11}.Release|Any CPU.Build.0 = Release|Any CPU
		{A78D682D-533C-4454-AA78-40F84D33DA11}.Release|Any CPU.Deploy.0 = Release|Any CPU
		{6119C58A-53DE-4F9E-84DD-96DC8A1F0F9F}.Debug|Any CPU.ActiveCfg = Debug|Any CPU
		{6119C58A-53DE-4F9E-84DD-96DC8A1F0F9F}.Debug|Any CPU.Build.0 = Debug|Any CPU
		{6119C58A-53DE-4F9E-84DD-96DC8A1F0F9F}.Release|Any CPU.ActiveCfg = Release|Any CPU
		{6119C58A-53DE-4F9E-84DD-96DC8A1F0F9F}.Release|Any CPU.Build.0 = Release|Any CPU
	EndGlobalSection
	GlobalSection(SolutionProperties) = preSolution
		HideSolutionNode = FALSE
	EndGlobalSection
	GlobalSection(ExtensibilityGlobals) = postSolution
		SolutionGuid = {0AC1043C-9A99-47FD-ABA2-889AD96D4730}
	EndGlobalSection
EndGlobal
